// !$*UTF8*$!
{
	archiveVersion = 1;
	classes = {
	};
	objectVersion = 60;
	objects = {

/* Begin PBXBuildFile section */
		AC0000000000000000000001 /* GoldenTimeApp.swift in Sources */ = {isa = PBXBuildFile; fileRef = AB0000000000000000000001 /* GoldenTimeApp.swift */; };
		AC0000000000000000000002 /* GoldenTimeWatchApp.swift in Sources */ = {isa = PBXBuildFile; fileRef = AB0000000000000000000002 /* GoldenTimeWatchApp.swift */; };
		AC0000000000000000000003 /* GoldenTimeWatchRootView.swift in Sources */ = {isa = PBXBuildFile; fileRef = AB0000000000000000000003 /* GoldenTimeWatchRootView.swift */; };
		AC0000000000000000000004 /* GoldenTimeWatchViewModel.swift in Sources */ = {isa = PBXBuildFile; fileRef = AB0000000000000000000004 /* GoldenTimeWatchViewModel.swift */; };
		AC0000000000000000000005 /* WatchLocationReader.swift in Sources */ = {isa = PBXBuildFile; fileRef = AB0000000000000000000005 /* WatchLocationReader.swift */; };
		AC0000000000000000000006 /* GoldenTimeWatch.app in Embed Watch Content */ = {isa = PBXBuildFile; fileRef = AA0000000000000000000005 /* GoldenTimeWatch.app */; settings = {ATTRIBUTES = (RemoveHeadersOnCopy, ); }; };
		AC0000000000000000000007 /* GoldenTimePhoneRootView.swift in Sources */ = {isa = PBXBuildFile; fileRef = AB0000000000000000000006 /* GoldenTimePhoneRootView.swift */; };
		AC0000000000000000000008 /* GoldenTimePhoneViewModel.swift in Sources */ = {isa = PBXBuildFile; fileRef = AB0000000000000000000007 /* GoldenTimePhoneViewModel.swift */; };
		AC0000000000000000000009 /* PhoneLocationReader.swift in Sources */ = {isa = PBXBuildFile; fileRef = AB0000000000000000000008 /* PhoneLocationReader.swift */; };
		AC0000000000000000000010 /* Assets.xcassets in Resources */ = {isa = PBXBuildFile; fileRef = AB0000000000000000000011 /* Assets.xcassets */; };
		AC0000000000000000000011 /* Assets.xcassets in Resources */ = {isa = PBXBuildFile; fileRef = AB0000000000000000000011 /* Assets.xcassets */; };
		AC0000000000000000000012 /* LaunchScreen.storyboard in Resources */ = {isa = PBXBuildFile; fileRef = AB0000000000000000000012 /* LaunchScreen.storyboard */; };
		AC0000000000000000000066 /* GTTwilightReminderChime.caf in Resources */ = {isa = PBXBuildFile; fileRef = AB0000000000000000000066 /* GTTwilightReminderChime.caf */; };
		AC0000000000000000000074 /* PrivacyInfo.xcprivacy in Resources */ = {isa = PBXBuildFile; fileRef = AB0000000000000000000074 /* PrivacyInfo.xcprivacy */; };
		AC0000000000000000000013 /* PhoneContentLanguage.swift in Sources */ = {isa = PBXBuildFile; fileRef = AB0000000000000000000009 /* PhoneContentLanguage.swift */; };
		AC0000000000000000000014 /* TwilightCompassCard.swift in Sources */ = {isa = PBXBuildFile; fileRef = AB0000000000000000000013 /* TwilightCompassCard.swift */; };
		AC0000000000000000000051 /* GoldenTimePhoneSettingsView.swift in Sources */ = {isa = PBXBuildFile; fileRef = AB0000000000000000000051 /* GoldenTimePhoneSettingsView.swift */; };
		AC0000000000000000000065 /* TwilightReminderScheduler.swift in Sources */ = {isa = PBXBuildFile; fileRef = AB0000000000000000000065 /* TwilightReminderScheduler.swift */; };
		AC0000000000000000000015 /* NetworkReachability.swift in Sources */ = {isa = PBXBuildFile; fileRef = AB0000000000000000000014 /* NetworkReachability.swift */; };
		AC0000000000000000000016 /* GTAppIconPalette.swift in Sources */ = {isa = PBXBuildFile; fileRef = AB0000000000000000000015 /* GTAppIconPalette.swift */; };
		AC0000000000000000000017 /* GTAppGroup.swift in Sources */ = {isa = PBXBuildFile; fileRef = AB0000000000000000000016 /* GTAppGroup.swift */; };
		AC0000000000000000000018 /* PhoneContentLanguage.swift in Sources */ = {isa = PBXBuildFile; fileRef = AB0000000000000000000009 /* PhoneContentLanguage.swift */; };
		AC0000000000000000000019 /* GTAppGroup.swift in Sources */ = {isa = PBXBuildFile; fileRef = AB0000000000000000000016 /* GTAppGroup.swift */; };
		AC0000000000000000000020 /* GTPhaseSkin.swift in Sources */ = {isa = PBXBuildFile; fileRef = AB0000000000000000000017 /* GTPhaseSkin.swift */; };
		AC0000000000000000000021 /* GoldenTimeTwilightCard.swift in Sources */ = {isa = PBXBuildFile; fileRef = AB0000000000000000000018 /* GoldenTimeTwilightCard.swift */; };
		AC0000000000000000000022 /* GTPhaseSkin.swift in Sources */ = {isa = PBXBuildFile; fileRef = AB0000000000000000000017 /* GTPhaseSkin.swift */; };
		AC0000000000000000000023 /* GoldenTimeTwilightCard.swift in Sources */ = {isa = PBXBuildFile; fileRef = AB0000000000000000000018 /* GoldenTimeTwilightCard.swift */; };
		AC0000000000000000000024 /* TwilightCompassCard.swift in Sources */ = {isa = PBXBuildFile; fileRef = AB0000000000000000000013 /* TwilightCompassCard.swift */; };
		AC0000000000000000000025 /* GTAppIconPalette.swift in Sources */ = {isa = PBXBuildFile; fileRef = AB0000000000000000000015 /* GTAppIconPalette.swift */; };
		AC0000000000000000000026 /* GoldenTimeWatchWidgetBundle.swift in Sources */ = {isa = PBXBuildFile; fileRef = AB0000000000000000000022 /* GoldenTimeWatchWidgetBundle.swift */; };
		AC0000000000000000000027 /* GoldenTwilightWidget.swift in Sources */ = {isa = PBXBuildFile; fileRef = AB0000000000000000000023 /* GoldenTwilightWidget.swift */; };
		AC0000000000000000000028 /* GTAppGroup.swift in Sources */ = {isa = PBXBuildFile; fileRef = AB0000000000000000000016 /* GTAppGroup.swift */; };
		AC0000000000000000000029 /* GoldenTimeWatchWidgetExtension.appex in Embed Foundation Extensions */ = {isa = PBXBuildFile; fileRef = AA0000000000000000000029 /* GoldenTimeWatchWidgetExtension.appex */; settings = {ATTRIBUTES = (RemoveHeadersOnCopy, ); }; };
		AC0000000000000000000030 /* PhoneContentLanguage.swift in Sources */ = {isa = PBXBuildFile; fileRef = AB0000000000000000000009 /* PhoneContentLanguage.swift */; };
		AC0000000000000000000031 /* GTPhaseSkin.swift in Sources */ = {isa = PBXBuildFile; fileRef = AB0000000000000000000017 /* GTPhaseSkin.swift */; };
		AC0000000000000000000032 /* GoldenTimeTwilightCard.swift in Sources */ = {isa = PBXBuildFile; fileRef = AB0000000000000000000018 /* GoldenTimeTwilightCard.swift */; };
		AC0000000000000000000033 /* GTAppIconPalette.swift in Sources */ = {isa = PBXBuildFile; fileRef = AB0000000000000000000015 /* GTAppIconPalette.swift */; };
		AC0000000000000000000034 /* GoldenTimeWatchUITests.swift in Sources */ = {isa = PBXBuildFile; fileRef = AB0000000000000000000034 /* GoldenTimeWatchUITests.swift */; };
		AC0000000000000000000040 /* GoldenTimeWidgetExtension.appex in Embed App Extensions */ = {isa = PBXBuildFile; fileRef = AA0000000000000000000040 /* GoldenTimeWidgetExtension.appex */; settings = {ATTRIBUTES = (RemoveHeadersOnCopy, ); }; };
		AC0000000000000000000041 /* GoldenTimeIOSWidgetBundle.swift in Sources */ = {isa = PBXBuildFile; fileRef = AB0000000000000000000042 /* GoldenTimeIOSWidgetBundle.swift */; };
		AC0000000000000000000042 /* GoldenTwilightIOSWidget.swift in Sources */ = {isa = PBXBuildFile; fileRef = AB0000000000000000000043 /* GoldenTwilightIOSWidget.swift */; };
		AC0000000000000000000043 /* GTAppGroup.swift in Sources */ = {isa = PBXBuildFile; fileRef = AB0000000000000000000016 /* GTAppGroup.swift */; };
		AC0000000000000000000044 /* PhoneContentLanguage.swift in Sources */ = {isa = PBXBuildFile; fileRef = AB0000000000000000000009 /* PhoneContentLanguage.swift */; };
		AC0000000000000000000045 /* GoldenTimeTwilightCard.swift in Sources */ = {isa = PBXBuildFile; fileRef = AB0000000000000000000018 /* GoldenTimeTwilightCard.swift */; };
		AC0000000000000000000046 /* GTPhaseSkin.swift in Sources */ = {isa = PBXBuildFile; fileRef = AB0000000000000000000017 /* GTPhaseSkin.swift */; };
		AC0000000000000000000047 /* GTAppIconPalette.swift in Sources */ = {isa = PBXBuildFile; fileRef = AB0000000000000000000015 /* GTAppIconPalette.swift */; };
		AC0000000000000000000070 /* GTWidgetSurface.swift in Sources */ = {isa = PBXBuildFile; fileRef = AB0000000000000000000070 /* GTWidgetSurface.swift */; };
		AC0000000000000000000071 /* GTWidgetSurface.swift in Sources */ = {isa = PBXBuildFile; fileRef = AB0000000000000000000070 /* GTWidgetSurface.swift */; };
		AC0000000000000000000072 /* GTWidgetSurface.swift in Sources */ = {isa = PBXBuildFile; fileRef = AB0000000000000000000070 /* GTWidgetSurface.swift */; };
		AC0000000000000000000073 /* GTWidgetSurface.swift in Sources */ = {isa = PBXBuildFile; fileRef = AB0000000000000000000070 /* GTWidgetSurface.swift */; };
		AC0000000000000000000075 /* InfoPlist.strings in Resources */ = {isa = PBXBuildFile; fileRef = AD0000000000000000000055 /* InfoPlist.strings */; };
		AC0000000000000000000076 /* InfoPlist.strings in Resources */ = {isa = PBXBuildFile; fileRef = AD0000000000000000000056 /* InfoPlist.strings */; };
		AC0000000000000000000077 /* InfoPlist.strings in Resources */ = {isa = PBXBuildFile; fileRef = AD0000000000000000000057 /* InfoPlist.strings */; };
		AC0000000000000000000078 /* InfoPlist.strings in Resources */ = {isa = PBXBuildFile; fileRef = AD0000000000000000000058 /* InfoPlist.strings */; };
/* End PBXBuildFile section */

/* Begin PBXContainerItemProxy section */
		AA000000000000000000000E /* PBXContainerItemProxy */ = {
			isa = PBXContainerItemProxy;
			containerPortal = AA0000000000000000000001 /* Project object */;
			proxyType = 1;
			remoteGlobalIDString = AA0000000000000000000003;
			remoteInfo = "GoldenTime Watch App";
		};
		AA000000000000000000001E /* PBXContainerItemProxy */ = {
			isa = PBXContainerItemProxy;
			containerPortal = AA0000000000000000000001 /* Project object */;
			proxyType = 1;
			remoteGlobalIDString = AA0000000000000000000020;
			remoteInfo = "GoldenTime Watch Widget Extension";
		};
		AA0000000000000000000034 /* PBXContainerItemProxy */ = {
			isa = PBXContainerItemProxy;
			containerPortal = AA0000000000000000000001 /* Project object */;
			proxyType = 1;
			remoteGlobalIDString = AA0000000000000000000003;
			remoteInfo = "GoldenTime Watch App";
		};
		AA0000000000000000000045 /* PBXContainerItemProxy */ = {
			isa = PBXContainerItemProxy;
			containerPortal = AA0000000000000000000001 /* Project object */;
			proxyType = 1;
			remoteGlobalIDString = AA0000000000000000000042;
			remoteInfo = "GoldenTime iOS Widget Extension";
		};
/* End PBXContainerItemProxy section */

/* Begin PBXCopyFilesBuildPhase section */
		AA000000000000000000000C /* Embed Watch Content */ = {
			isa = PBXCopyFilesBuildPhase;
			buildActionMask = 2147483647;
			dstPath = "$(CONTENTS_FOLDER_PATH)/Watch";
			dstSubfolderSpec = 16;
			files = (
				AC0000000000000000000006 /* GoldenTimeWatch.app in Embed Watch Content */,
			);
			name = "Embed Watch Content";
			runOnlyForDeploymentPostprocessing = 0;
		};
		AA000000000000000000001F /* Embed Foundation Extensions */ = {
			isa = PBXCopyFilesBuildPhase;
			buildActionMask = 2147483647;
			dstPath = "";
			dstSubfolderSpec = 13;
			files = (
				AC0000000000000000000029 /* GoldenTimeWatchWidgetExtension.appex in Embed Foundation Extensions */,
			);
			name = "Embed Foundation Extensions";
			runOnlyForDeploymentPostprocessing = 0;
		};
		AA0000000000000000000041 /* Embed App Extensions */ = {
			isa = PBXCopyFilesBuildPhase;
			buildActionMask = 2147483647;
			dstPath = "";
			dstSubfolderSpec = 13;
			files = (
				AC0000000000000000000040 /* GoldenTimeWidgetExtension.appex in Embed App Extensions */,
			);
			name = "Embed App Extensions";
			runOnlyForDeploymentPostprocessing = 0;
		};
/* End PBXCopyFilesBuildPhase section */

/* Begin PBXFileReference section */
		AB0000000000000000000001 /* GoldenTimeApp.swift */ = {isa = PBXFileReference; lastKnownFileType = sourcecode.swift; path = GoldenTimeApp.swift; sourceTree = "<group>"; };
		AB0000000000000000000002 /* GoldenTimeWatchApp.swift */ = {isa = PBXFileReference; lastKnownFileType = sourcecode.swift; path = GoldenTimeWatchApp.swift; sourceTree = "<group>"; };
		AB0000000000000000000003 /* GoldenTimeWatchRootView.swift */ = {isa = PBXFileReference; lastKnownFileType = sourcecode.swift; path = GoldenTimeWatchRootView.swift; sourceTree = "<group>"; };
		AB0000000000000000000004 /* GoldenTimeWatchViewModel.swift */ = {isa = PBXFileReference; lastKnownFileType = sourcecode.swift; path = GoldenTimeWatchViewModel.swift; sourceTree = "<group>"; };
		AB0000000000000000000005 /* WatchLocationReader.swift */ = {isa = PBXFileReference; lastKnownFileType = sourcecode.swift; path = WatchLocationReader.swift; sourceTree = "<group>"; };
		AB0000000000000000000006 /* GoldenTimePhoneRootView.swift */ = {isa = PBXFileReference; lastKnownFileType = sourcecode.swift; path = GoldenTimePhoneRootView.swift; sourceTree = "<group>"; };
		AB0000000000000000000007 /* GoldenTimePhoneViewModel.swift */ = {isa = PBXFileReference; lastKnownFileType = sourcecode.swift; path = GoldenTimePhoneViewModel.swift; sourceTree = "<group>"; };
		AB0000000000000000000008 /* PhoneLocationReader.swift */ = {isa = PBXFileReference; lastKnownFileType = sourcecode.swift; path = PhoneLocationReader.swift; sourceTree = "<group>"; };
		AB0000000000000000000009 /* PhoneContentLanguage.swift */ = {isa = PBXFileReference; lastKnownFileType = sourcecode.swift; path = PhoneContentLanguage.swift; sourceTree = "<group>"; };
		AB0000000000000000000011 /* Assets.xcassets */ = {isa = PBXFileReference; lastKnownFileType = folder.assetcatalog; path = Assets.xcassets; sourceTree = "<group>"; };
		AB0000000000000000000012 /* LaunchScreen.storyboard */ = {isa = PBXFileReference; lastKnownFileType = file.storyboard; path = LaunchScreen.storyboard; sourceTree = "<group>"; };
		AB0000000000000000000013 /* TwilightCompassCard.swift */ = {isa = PBXFileReference; lastKnownFileType = sourcecode.swift; path = TwilightCompassCard.swift; sourceTree = "<group>"; };
		AB0000000000000000000014 /* NetworkReachability.swift */ = {isa = PBXFileReference; lastKnownFileType = sourcecode.swift; path = NetworkReachability.swift; sourceTree = "<group>"; };
		AB0000000000000000000051 /* GoldenTimePhoneSettingsView.swift */ = {isa = PBXFileReference; lastKnownFileType = sourcecode.swift; path = GoldenTimePhoneSettingsView.swift; sourceTree = "<group>"; };
		AB0000000000000000000065 /* TwilightReminderScheduler.swift */ = {isa = PBXFileReference; lastKnownFileType = sourcecode.swift; path = TwilightReminderScheduler.swift; sourceTree = "<group>"; };
		AB0000000000000000000066 /* GTTwilightReminderChime.caf */ = {isa = PBXFileReference; lastKnownFileType = audio.caf; path = GTTwilightReminderChime.caf; sourceTree = "<group>"; };
		AB0000000000000000000015 /* GTAppIconPalette.swift */ = {isa = PBXFileReference; lastKnownFileType = sourcecode.swift; path = GTAppIconPalette.swift; sourceTree = "<group>"; };
		AB0000000000000000000016 /* GTAppGroup.swift */ = {isa = PBXFileReference; lastKnownFileType = sourcecode.swift; path = GTAppGroup.swift; sourceTree = "<group>"; };
		AB0000000000000000000017 /* GTPhaseSkin.swift */ = {isa = PBXFileReference; lastKnownFileType = sourcecode.swift; path = GTPhaseSkin.swift; sourceTree = "<group>"; };
		AB0000000000000000000018 /* GoldenTimeTwilightCard.swift */ = {isa = PBXFileReference; lastKnownFileType = sourcecode.swift; path = GoldenTimeTwilightCard.swift; sourceTree = "<group>"; };
		AB0000000000000000000019 /* GoldenTime.entitlements */ = {isa = PBXFileReference; lastKnownFileType = text.plist.entitlements; path = GoldenTime.entitlements; sourceTree = "<group>"; };
		AB0000000000000000000020 /* GoldenTimeWatch.entitlements */ = {isa = PBXFileReference; lastKnownFileType = text.plist.entitlements; path = GoldenTimeWatch.entitlements; sourceTree = "<group>"; };
		AB0000000000000000000021 /* GoldenTimeWatchWidgetExtension.entitlements */ = {isa = PBXFileReference; lastKnownFileType = text.plist.entitlements; path = GoldenTimeWatchWidgetExtension.entitlements; sourceTree = "<group>"; };
		AB0000000000000000000022 /* GoldenTimeWatchWidgetBundle.swift */ = {isa = PBXFileReference; lastKnownFileType = sourcecode.swift; path = GoldenTimeWatchWidgetBundle.swift; sourceTree = "<group>"; };
		AB0000000000000000000023 /* GoldenTwilightWidget.swift */ = {isa = PBXFileReference; lastKnownFileType = sourcecode.swift; path = GoldenTwilightWidget.swift; sourceTree = "<group>"; };
		AB0000000000000000000035 /* GoldenTimeWatchWidgetInfo.plist */ = {isa = PBXFileReference; lastKnownFileType = text.plist.xml; path = GoldenTimeWatchWidgetInfo.plist; sourceTree = "<group>"; };
		AA0000000000000000000004 /* GoldenTime.app */ = {isa = PBXFileReference; explicitFileType = wrapper.application; includeInIndex = 0; path = GoldenTime.app; sourceTree = BUILT_PRODUCTS_DIR; };
		AA0000000000000000000005 /* GoldenTimeWatch.app */ = {isa = PBXFileReference; explicitFileType = wrapper.application; includeInIndex = 0; path = GoldenTimeWatch.app; sourceTree = BUILT_PRODUCTS_DIR; };
		AA0000000000000000000029 /* GoldenTimeWatchWidgetExtension.appex */ = {isa = PBXFileReference; explicitFileType = "wrapper.app-extension"; includeInIndex = 0; path = GoldenTimeWatchWidgetExtension.appex; sourceTree = BUILT_PRODUCTS_DIR; };
		AA0000000000000000000030 /* GoldenTimeWatchUITests.xctest */ = {isa = PBXFileReference; explicitFileType = wrapper.cfbundle; includeInIndex = 0; path = GoldenTimeWatchUITests.xctest; sourceTree = BUILT_PRODUCTS_DIR; };
		AB0000000000000000000034 /* GoldenTimeWatchUITests.swift */ = {isa = PBXFileReference; lastKnownFileType = sourcecode.swift; path = GoldenTimeWatchUITests.swift; sourceTree = "<group>"; };
		AB0000000000000000000040 /* GoldenTimeIOSWidgetInfo.plist */ = {isa = PBXFileReference; lastKnownFileType = text.plist.xml; path = GoldenTimeIOSWidgetInfo.plist; sourceTree = "<group>"; };
		AB0000000000000000000041 /* GoldenTimeIOSWidgetExtension.entitlements */ = {isa = PBXFileReference; lastKnownFileType = text.plist.entitlements; path = GoldenTimeIOSWidgetExtension.entitlements; sourceTree = "<group>"; };
		AB0000000000000000000042 /* GoldenTimeIOSWidgetBundle.swift */ = {isa = PBXFileReference; lastKnownFileType = sourcecode.swift; path = GoldenTimeIOSWidgetBundle.swift; sourceTree = "<group>"; };
		AB0000000000000000000043 /* GoldenTwilightIOSWidget.swift */ = {isa = PBXFileReference; lastKnownFileType = sourcecode.swift; path = GoldenTwilightIOSWidget.swift; sourceTree = "<group>"; };
		AB0000000000000000000070 /* GTWidgetSurface.swift */ = {isa = PBXFileReference; lastKnownFileType = sourcecode.swift; path = GTWidgetSurface.swift; sourceTree = "<group>"; };
		AB0000000000000000000074 /* PrivacyInfo.xcprivacy */ = {isa = PBXFileReference; lastKnownFileType = text.plist.xml; path = PrivacyInfo.xcprivacy; sourceTree = "<group>"; };
		AB0000000000000000000075 /* en */ = {isa = PBXFileReference; lastKnownFileType = text.plist.strings; name = en; path = en.lproj/InfoPlist.strings; sourceTree = "<group>"; };
		AB0000000000000000000076 /* zh-Hans */ = {isa = PBXFileReference; lastKnownFileType = text.plist.strings; name = "zh-Hans"; path = "zh-Hans.lproj/InfoPlist.strings"; sourceTree = "<group>"; };
		AB0000000000000000000077 /* en */ = {isa = PBXFileReference; lastKnownFileType = text.plist.strings; name = en; path = en.lproj/InfoPlist.strings; sourceTree = "<group>"; };
		AB0000000000000000000078 /* zh-Hans */ = {isa = PBXFileReference; lastKnownFileType = text.plist.strings; name = "zh-Hans"; path = "zh-Hans.lproj/InfoPlist.strings"; sourceTree = "<group>"; };
		AB0000000000000000000079 /* en */ = {isa = PBXFileReference; lastKnownFileType = text.plist.strings; name = en; path = en.lproj/InfoPlist.strings; sourceTree = "<group>"; };
		AB0000000000000000000080 /* zh-Hans */ = {isa = PBXFileReference; lastKnownFileType = text.plist.strings; name = "zh-Hans"; path = "zh-Hans.lproj/InfoPlist.strings"; sourceTree = "<group>"; };
		AB0000000000000000000081 /* en */ = {isa = PBXFileReference; lastKnownFileType = text.plist.strings; name = en; path = en.lproj/InfoPlist.strings; sourceTree = "<group>"; };
		AB0000000000000000000082 /* zh-Hans */ = {isa = PBXFileReference; lastKnownFileType = text.plist.strings; name = "zh-Hans"; path = "zh-Hans.lproj/InfoPlist.strings"; sourceTree = "<group>"; };
		AA0000000000000000000040 /* GoldenTimeWidgetExtension.appex */ = {isa = PBXFileReference; explicitFileType = "wrapper.app-extension"; includeInIndex = 0; path = GoldenTimeWidgetExtension.appex; sourceTree = BUILT_PRODUCTS_DIR; };
/* End PBXFileReference section */

/* Begin PBXFrameworksBuildPhase section */
		AA0000000000000000000008 /* Frameworks */ = {
			isa = PBXFrameworksBuildPhase;
			buildActionMask = 2147483647;
			files = (
			);
			runOnlyForDeploymentPostprocessing = 0;
		};
		AA0000000000000000000009 /* Frameworks */ = {
			isa = PBXFrameworksBuildPhase;
			buildActionMask = 2147483647;
			files = (
			);
			runOnlyForDeploymentPostprocessing = 0;
		};
		AA0000000000000000000021 /* Frameworks */ = {
			isa = PBXFrameworksBuildPhase;
			buildActionMask = 2147483647;
			files = (
			);
			runOnlyForDeploymentPostprocessing = 0;
		};
		AA0000000000000000000033 /* Frameworks */ = {
			isa = PBXFrameworksBuildPhase;
			buildActionMask = 2147483647;
			files = (
			);
			runOnlyForDeploymentPostprocessing = 0;
		};
		AA0000000000000000000044 /* Frameworks */ = {
			isa = PBXFrameworksBuildPhase;
			buildActionMask = 2147483647;
			files = (
			);
			runOnlyForDeploymentPostprocessing = 0;
		};
/* End PBXFrameworksBuildPhase section */

/* Begin PBXGroup section */
		AD0000000000000000000001 = {
			isa = PBXGroup;
			children = (
				AD0000000000000000000005 /* Shared */,
				AD0000000000000000000002 /* iOS */,
				AD0000000000000000000003 /* Watch */,
				AD0000000000000000000004 /* Products */,
			);
			sourceTree = "<group>";
		};
		AD0000000000000000000005 /* Shared */ = {
			isa = PBXGroup;
			children = (
				AB0000000000000000000016 /* GTAppGroup.swift */,
				AB0000000000000000000014 /* NetworkReachability.swift */,
				AB0000000000000000000017 /* GTPhaseSkin.swift */,
				AB0000000000000000000070 /* GTWidgetSurface.swift */,
				AB0000000000000000000018 /* GoldenTimeTwilightCard.swift */,
				AB0000000000000000000011 /* Assets.xcassets */,
			);
			path = Apps/GoldenTime/Shared;
			sourceTree = "<group>";
		};
		AD0000000000000000000002 /* iOS */ = {
			isa = PBXGroup;
			children = (
				AB0000000000000000000019 /* GoldenTime.entitlements */,
				AB0000000000000000000074 /* PrivacyInfo.xcprivacy */,
				AD0000000000000000000055 /* InfoPlist.strings */,
				AD0000000000000000000040 /* GoldenTimeIOSWidget */,
				AB0000000000000000000012 /* LaunchScreen.storyboard */,
				AB0000000000000000000001 /* GoldenTimeApp.swift */,
				AB0000000000000000000006 /* GoldenTimePhoneRootView.swift */,
				AB0000000000000000000051 /* GoldenTimePhoneSettingsView.swift */,
				AB0000000000000000000065 /* TwilightReminderScheduler.swift */,
				AB0000000000000000000066 /* GTTwilightReminderChime.caf */,
				AB0000000000000000000007 /* GoldenTimePhoneViewModel.swift */,
				AB0000000000000000000008 /* PhoneLocationReader.swift */,
				AB0000000000000000000009 /* PhoneContentLanguage.swift */,
				AB0000000000000000000013 /* TwilightCompassCard.swift */,
				AB0000000000000000000015 /* GTAppIconPalette.swift */,
			);
			path = Apps/GoldenTime/iOS;
			sourceTree = "<group>";
		};
		AD0000000000000000000040 /* GoldenTimeIOSWidget */ = {
			isa = PBXGroup;
			children = (
				AB0000000000000000000040 /* GoldenTimeIOSWidgetInfo.plist */,
				AD0000000000000000000058 /* InfoPlist.strings */,
				AB0000000000000000000041 /* GoldenTimeIOSWidgetExtension.entitlements */,
				AB0000000000000000000042 /* GoldenTimeIOSWidgetBundle.swift */,
				AB0000000000000000000043 /* GoldenTwilightIOSWidget.swift */,
			);
			path = GoldenTimeIOSWidget;
			sourceTree = "<group>";
		};
		AD0000000000000000000003 /* Watch */ = {
			isa = PBXGroup;
			children = (
				AB0000000000000000000020 /* GoldenTimeWatch.entitlements */,
				AB0000000000000000000021 /* GoldenTimeWatchWidgetExtension.entitlements */,
				AD0000000000000000000056 /* InfoPlist.strings */,
				AB0000000000000000000002 /* GoldenTimeWatchApp.swift */,
				AB0000000000000000000003 /* GoldenTimeWatchRootView.swift */,
				AB0000000000000000000004 /* GoldenTimeWatchViewModel.swift */,
				AB0000000000000000000005 /* WatchLocationReader.swift */,
				AD0000000000000000000006 /* GoldenTimeWatchWidget */,
				AD0000000000000000000007 /* GoldenTimeWatchUITests */,
			);
			path = Apps/GoldenTime/Watch;
			sourceTree = "<group>";
		};
		AD0000000000000000000007 /* GoldenTimeWatchUITests */ = {
			isa = PBXGroup;
			children = (
				AB0000000000000000000034 /* GoldenTimeWatchUITests.swift */,
			);
			path = GoldenTimeWatchUITests;
			sourceTree = "<group>";
		};
		AD0000000000000000000006 /* GoldenTimeWatchWidget */ = {
			isa = PBXGroup;
			children = (
				AB0000000000000000000035 /* GoldenTimeWatchWidgetInfo.plist */,
				AD0000000000000000000057 /* InfoPlist.strings */,
				AB0000000000000000000022 /* GoldenTimeWatchWidgetBundle.swift */,
				AB0000000000000000000023 /* GoldenTwilightWidget.swift */,
			);
			path = GoldenTimeWatchWidget;
			sourceTree = "<group>";
		};
		AD0000000000000000000004 /* Products */ = {
			isa = PBXGroup;
			children = (
				AA0000000000000000000004 /* GoldenTime.app */,
				AA0000000000000000000005 /* GoldenTimeWatch.app */,
				AA0000000000000000000029 /* GoldenTimeWatchWidgetExtension.appex */,
				AA0000000000000000000040 /* GoldenTimeWidgetExtension.appex */,
				AA0000000000000000000030 /* GoldenTimeWatchUITests.xctest */,
			);
			name = Products;
			sourceTree = "<group>";
		};
/* End PBXGroup section */

/* Begin PBXNativeTarget section */
		AA0000000000000000000002 /* GoldenTime */ = {
			isa = PBXNativeTarget;
			buildConfigurationList = AA0000000000000000000010 /* Build configuration list for PBXNativeTarget "GoldenTime" */;
			buildPhases = (
				AA0000000000000000000006 /* Sources */,
				AA0000000000000000000008 /* Frameworks */,
				AA000000000000000000000A /* Resources */,
				AA000000000000000000000C /* Embed Watch Content */,
				AA0000000000000000000041 /* Embed App Extensions */,
			);
			buildRules = (
			);
			dependencies = (
				AA000000000000000000000D /* PBXTargetDependency */,
				AA0000000000000000000046 /* PBXTargetDependency */,
			);
			name = GoldenTime;
			packageProductDependencies = (
				AE0000000000000000000002 /* GoldenTimeCore */,
			);
			productName = GoldenTime;
			productReference = AA0000000000000000000004 /* GoldenTime.app */;
			productType = "com.apple.product-type.application";
		};
		AA0000000000000000000003 /* GoldenTime Watch App */ = {
			isa = PBXNativeTarget;
			buildConfigurationList = AA0000000000000000000011 /* Build configuration list for PBXNativeTarget "GoldenTime Watch App" */;
			buildPhases = (
				AA0000000000000000000007 /* Sources */,
				AA0000000000000000000009 /* Frameworks */,
				AA000000000000000000000B /* Resources */,
				AA000000000000000000001F /* Embed Foundation Extensions */,
			);
			buildRules = (
			);
			dependencies = (
				AA0000000000000000000023 /* PBXTargetDependency */,
			);
			name = "GoldenTime Watch App";
			packageProductDependencies = (
				AE0000000000000000000002 /* GoldenTimeCore */,
			);
			productName = "GoldenTime Watch App";
			productReference = AA0000000000000000000005 /* GoldenTimeWatch.app */;
			productType = "com.apple.product-type.application";
		};
		AA0000000000000000000020 /* GoldenTime Watch Widget Extension */ = {
			isa = PBXNativeTarget;
			buildConfigurationList = AA0000000000000000000026 /* Build configuration list for PBXNativeTarget "GoldenTime Watch Widget Extension" */;
			buildPhases = (
				AA0000000000000000000022 /* Sources */,
				AA0000000000000000000021 /* Frameworks */,
				AA0000000000000000000055 /* Resources */,
			);
			buildRules = (
			);
			dependencies = (
			);
			name = "GoldenTime Watch Widget Extension";
			packageProductDependencies = (
				AE0000000000000000000002 /* GoldenTimeCore */,
			);
			productName = "GoldenTimeWatchWidgetExtension";
			productReference = AA0000000000000000000029 /* GoldenTimeWatchWidgetExtension.appex */;
			productType = "com.apple.product-type.app-extension";
		};
		AA0000000000000000000031 /* GoldenTimeWatchUITests */ = {
			isa = PBXNativeTarget;
			buildConfigurationList = AA0000000000000000000038 /* Build configuration list for PBXNativeTarget "GoldenTimeWatchUITests" */;
			buildPhases = (
				AA0000000000000000000032 /* Sources */,
				AA0000000000000000000033 /* Frameworks */,
			);
			buildRules = (
			);
			dependencies = (
				AA0000000000000000000035 /* PBXTargetDependency */,
			);
			name = GoldenTimeWatchUITests;
			packageProductDependencies = (
			);
			productName = GoldenTimeWatchUITests;
			productReference = AA0000000000000000000030 /* GoldenTimeWatchUITests.xctest */;
			productType = "com.apple.product-type.bundle.ui-testing";
		};
		AA0000000000000000000042 /* GoldenTime iOS Widget Extension */ = {
			isa = PBXNativeTarget;
			buildConfigurationList = AA0000000000000000000052 /* Build configuration list for PBXNativeTarget "GoldenTime iOS Widget Extension" */;
			buildPhases = (
				AA0000000000000000000043 /* Sources */,
				AA0000000000000000000044 /* Frameworks */,
				AA0000000000000000000056 /* Resources */,
			);
			buildRules = (
			);
			dependencies = (
			);
			name = "GoldenTime iOS Widget Extension";
			packageProductDependencies = (
				AE0000000000000000000002 /* GoldenTimeCore */,
			);
			productName = GoldenTimeWidgetExtension;
			productReference = AA0000000000000000000040 /* GoldenTimeWidgetExtension.appex */;
			productType = "com.apple.product-type.app-extension";
		};
/* End PBXNativeTarget section */

/* Begin PBXProject section */
		AA0000000000000000000001 /* Project object */ = {
			isa = PBXProject;
			attributes = {
				BuildIndependentTargetsInParallel = 1;
				LastSwiftUpdateCheck = 2600;
				LastUpgradeCheck = 2600;
				TargetAttributes = {
					AA0000000000000000000002 = {
						CreatedOnToolsVersion = 26.0;
					};
					AA0000000000000000000003 = {
						CreatedOnToolsVersion = 26.0;
					};
					AA0000000000000000000020 = {
						CreatedOnToolsVersion = 26.0;
					};
					AA0000000000000000000031 = {
						CreatedOnToolsVersion = 26.0;
						TestTargetID = AA0000000000000000000003;
					};
				};
			};
			buildConfigurationList = AA000000000000000000000F /* Build configuration list for PBXProject "GoldenTime" */;
			compatibilityVersion = "Xcode 15.0";
			developmentRegion = en;
			hasScannedForEncodings = 0;
			knownRegions = (
				en,
				Base,
				"zh-Hans",
			);
			mainGroup = AD0000000000000000000001;
			packageReferences = (
				AE0000000000000000000001 /* XCLocalSwiftPackageReference "GoldenTimeApple" */,
			);
			productRefGroup = AD0000000000000000000004 /* Products */;
			projectDirPath = "";
			projectRoot = "";
			targets = (
				AA0000000000000000000002 /* GoldenTime */,
				AA0000000000000000000042 /* GoldenTime iOS Widget Extension */,
				AA0000000000000000000003 /* GoldenTime Watch App */,
				AA0000000000000000000020 /* GoldenTime Watch Widget Extension */,
				AA0000000000000000000031 /* GoldenTimeWatchUITests */,
			);
		};
/* End PBXProject section */

/* Begin PBXResourcesBuildPhase section */
		AA000000000000000000000A /* Resources */ = {
			isa = PBXResourcesBuildPhase;
			buildActionMask = 2147483647;
			files = (
				AC0000000000000000000010 /* Assets.xcassets in Resources */,
				AC0000000000000000000012 /* LaunchScreen.storyboard in Resources */,
				AC0000000000000000000066 /* GTTwilightReminderChime.caf in Resources */,
				AC0000000000000000000074 /* PrivacyInfo.xcprivacy in Resources */,
				AC0000000000000000000075 /* InfoPlist.strings in Resources */,
			);
			runOnlyForDeploymentPostprocessing = 0;
		};
		AA000000000000000000000B /* Resources */ = {
			isa = PBXResourcesBuildPhase;
			buildActionMask = 2147483647;
			files = (
				AC0000000000000000000011 /* Assets.xcassets in Resources */,
				AC0000000000000000000076 /* InfoPlist.strings in Resources */,
			);
			runOnlyForDeploymentPostprocessing = 0;
		};
		AA0000000000000000000055 /* Resources */ = {
			isa = PBXResourcesBuildPhase;
			buildActionMask = 2147483647;
			files = (
				AC0000000000000000000077 /* InfoPlist.strings in Resources */,
			);
			runOnlyForDeploymentPostprocessing = 0;
		};
		AA0000000000000000000056 /* Resources */ = {
			isa = PBXResourcesBuildPhase;
			buildActionMask = 2147483647;
			files = (
				AC0000000000000000000078 /* InfoPlist.strings in Resources */,
			);
			runOnlyForDeploymentPostprocessing = 0;
		};
/* End PBXResourcesBuildPhase section */

/* Begin PBXVariantGroup section */
		AD0000000000000000000055 /* InfoPlist.strings */ = {
			isa = PBXVariantGroup;
			children = (
				AB0000000000000000000075 /* en */,
				AB0000000000000000000076 /* zh-Hans */,
			);
			name = InfoPlist.strings;
			sourceTree = "<group>";
		};
		AD0000000000000000000056 /* InfoPlist.strings */ = {
			isa = PBXVariantGroup;
			children = (
				AB0000000000000000000077 /* en */,
				AB0000000000000000000078 /* zh-Hans */,
			);
			name = InfoPlist.strings;
			sourceTree = "<group>";
		};
		AD0000000000000000000057 /* InfoPlist.strings */ = {
			isa = PBXVariantGroup;
			children = (
				AB0000000000000000000079 /* en */,
				AB0000000000000000000080 /* zh-Hans */,
			);
			name = InfoPlist.strings;
			sourceTree = "<group>";
		};
		AD0000000000000000000058 /* InfoPlist.strings */ = {
			isa = PBXVariantGroup;
			children = (
				AB0000000000000000000081 /* en */,
				AB0000000000000000000082 /* zh-Hans */,
			);
			name = InfoPlist.strings;
			sourceTree = "<group>";
		};
/* End PBXVariantGroup section */

/* Begin PBXSourcesBuildPhase section */
		AA0000000000000000000006 /* Sources */ = {
			isa = PBXSourcesBuildPhase;
			buildActionMask = 2147483647;
			files = (
				AC0000000000000000000001 /* GoldenTimeApp.swift in Sources */,
				AC0000000000000000000007 /* GoldenTimePhoneRootView.swift in Sources */,
				AC0000000000000000000051 /* GoldenTimePhoneSettingsView.swift in Sources */,
				AC0000000000000000000065 /* TwilightReminderScheduler.swift in Sources */,
				AC0000000000000000000008 /* GoldenTimePhoneViewModel.swift in Sources */,
				AC0000000000000000000009 /* PhoneLocationReader.swift in Sources */,
				AC0000000000000000000013 /* PhoneContentLanguage.swift in Sources */,
				AC0000000000000000000014 /* TwilightCompassCard.swift in Sources */,
				AC0000000000000000000015 /* NetworkReachability.swift in Sources */,
				AC0000000000000000000016 /* GTAppIconPalette.swift in Sources */,
				AC0000000000000000000017 /* GTAppGroup.swift in Sources */,
				AC0000000000000000000020 /* GTPhaseSkin.swift in Sources */,
				AC0000000000000000000070 /* GTWidgetSurface.swift in Sources */,
				AC0000000000000000000021 /* GoldenTimeTwilightCard.swift in Sources */,
			);
			runOnlyForDeploymentPostprocessing = 0;
		};
		AA0000000000000000000007 /* Sources */ = {
			isa = PBXSourcesBuildPhase;
			buildActionMask = 2147483647;
			files = (
				AC0000000000000000000002 /* GoldenTimeWatchApp.swift in Sources */,
				AC0000000000000000000003 /* GoldenTimeWatchRootView.swift in Sources */,
				AC0000000000000000000004 /* GoldenTimeWatchViewModel.swift in Sources */,
				AC0000000000000000000005 /* WatchLocationReader.swift in Sources */,
				AC0000000000000000000018 /* PhoneContentLanguage.swift in Sources */,
				AC0000000000000000000019 /* GTAppGroup.swift in Sources */,
				AC0000000000000000000022 /* GTPhaseSkin.swift in Sources */,
				AC0000000000000000000071 /* GTWidgetSurface.swift in Sources */,
				AC0000000000000000000023 /* GoldenTimeTwilightCard.swift in Sources */,
				AC0000000000000000000024 /* TwilightCompassCard.swift in Sources */,
				AC0000000000000000000025 /* GTAppIconPalette.swift in Sources */,
			);
			runOnlyForDeploymentPostprocessing = 0;
		};
		AA0000000000000000000022 /* Sources */ = {
			isa = PBXSourcesBuildPhase;
			buildActionMask = 2147483647;
			files = (
				AC0000000000000000000026 /* GoldenTimeWatchWidgetBundle.swift in Sources */,
				AC0000000000000000000027 /* GoldenTwilightWidget.swift in Sources */,
				AC0000000000000000000028 /* GTAppGroup.swift in Sources */,
				AC0000000000000000000030 /* PhoneContentLanguage.swift in Sources */,
				AC0000000000000000000031 /* GTPhaseSkin.swift in Sources */,
				AC0000000000000000000072 /* GTWidgetSurface.swift in Sources */,
				AC0000000000000000000032 /* GoldenTimeTwilightCard.swift in Sources */,
				AC0000000000000000000033 /* GTAppIconPalette.swift in Sources */,
			);
			runOnlyForDeploymentPostprocessing = 0;
		};
		AA0000000000000000000032 /* Sources */ = {
			isa = PBXSourcesBuildPhase;
			buildActionMask = 2147483647;
			files = (
				AC0000000000000000000034 /* GoldenTimeWatchUITests.swift in Sources */,
			);
			runOnlyForDeploymentPostprocessing = 0;
		};
		AA0000000000000000000043 /* Sources */ = {
			isa = PBXSourcesBuildPhase;
			buildActionMask = 2147483647;
			files = (
				AC0000000000000000000041 /* GoldenTimeIOSWidgetBundle.swift in Sources */,
				AC0000000000000000000042 /* GoldenTwilightIOSWidget.swift in Sources */,
				AC0000000000000000000043 /* GTAppGroup.swift in Sources */,
				AC0000000000000000000044 /* PhoneContentLanguage.swift in Sources */,
				AC0000000000000000000045 /* GoldenTimeTwilightCard.swift in Sources */,
				AC0000000000000000000046 /* GTPhaseSkin.swift in Sources */,
				AC0000000000000000000073 /* GTWidgetSurface.swift in Sources */,
				AC0000000000000000000047 /* GTAppIconPalette.swift in Sources */,
			);
			runOnlyForDeploymentPostprocessing = 0;
		};
/* End PBXSourcesBuildPhase section */

/* Begin PBXTargetDependency section */
		AA000000000000000000000D /* PBXTargetDependency */ = {
			isa = PBXTargetDependency;
			target = AA0000000000000000000003 /* GoldenTime Watch App */;
			targetProxy = AA000000000000000000000E /* PBXContainerItemProxy */;
		};
		AA0000000000000000000023 /* PBXTargetDependency */ = {
			isa = PBXTargetDependency;
			target = AA0000000000000000000020 /* GoldenTime Watch Widget Extension */;
			targetProxy = AA000000000000000000001E /* PBXContainerItemProxy */;
		};
		AA0000000000000000000035 /* PBXTargetDependency */ = {
			isa = PBXTargetDependency;
			target = AA0000000000000000000003 /* GoldenTime Watch App */;
			targetProxy = AA0000000000000000000034 /* PBXContainerItemProxy */;
		};
		AA0000000000000000000046 /* PBXTargetDependency */ = {
			isa = PBXTargetDependency;
			target = AA0000000000000000000042 /* GoldenTime iOS Widget Extension */;
			targetProxy = AA0000000000000000000045 /* PBXContainerItemProxy */;
		};
/* End PBXTargetDependency section */

/* Begin XCBuildConfiguration section */
		AA0000000000000000000012 /* Debug */ = {
			isa = XCBuildConfiguration;
			buildSettings = {
				ASSETCATALOG_COMPILER_APPICON_NAME = AppIcon;
				CODE_SIGN_ENTITLEMENTS = Apps/GoldenTime/iOS/GoldenTime.entitlements;
				CODE_SIGN_STYLE = Automatic;
				CURRENT_PROJECT_VERSION = 1;
				DEVELOPMENT_TEAM = "";
				ENABLE_PREVIEWS = YES;
				GENERATE_INFOPLIST_FILE = YES;
				INFOPLIST_KEY_CFBundleDisplayName = "Twilight Compass";
				INFOPLIST_KEY_NSLocationWhenInUseUsageDescription = "用于读取本机经纬度，在设备上用天文公式本地推算蓝调与金调；不访问互联网。";
				INFOPLIST_KEY_NSUserNotificationsUsageDescription = "用于在蓝调或金调时段开始前发送本地提醒。/ Sends local alerts before the next blue or golden hour.";
				INFOPLIST_KEY_UILaunchStoryboardName = LaunchScreen;
				IPHONEOS_DEPLOYMENT_TARGET = 18.0;
				LD_RUNPATH_SEARCH_PATHS = (
					"$(inherited)",
					"@executable_path/Frameworks",
				);
				MARKETING_VERSION = 1.0;
				PRODUCT_BUNDLE_IDENTIFIER = time.golden.GoldenHourCompass;
				PRODUCT_NAME = "$(TARGET_NAME)";
				SDKROOT = iphoneos;
				SUPPORTED_PLATFORMS = "iphoneos iphonesimulator";
				SWIFT_EMIT_LOC_STRINGS = YES;
				SWIFT_VERSION = 6.0;
				TARGETED_DEVICE_FAMILY = "1,2";
			};
			name = Debug;
		};
		AA0000000000000000000013 /* Release */ = {
			isa = XCBuildConfiguration;
			buildSettings = {
				ASSETCATALOG_COMPILER_APPICON_NAME = AppIcon;
				CODE_SIGN_ENTITLEMENTS = Apps/GoldenTime/iOS/GoldenTime.entitlements;
				CODE_SIGN_STYLE = Automatic;
				CURRENT_PROJECT_VERSION = 1;
				DEVELOPMENT_TEAM = "";
				ENABLE_PREVIEWS = YES;
				GENERATE_INFOPLIST_FILE = YES;
				INFOPLIST_KEY_CFBundleDisplayName = "Twilight Compass";
				INFOPLIST_KEY_NSLocationWhenInUseUsageDescription = "用于读取本机经纬度，在设备上用天文公式本地推算蓝调与金调；不访问互联网。";
				INFOPLIST_KEY_NSUserNotificationsUsageDescription = "用于在蓝调或金调时段开始前发送本地提醒。/ Sends local alerts before the next blue or golden hour.";
				INFOPLIST_KEY_UILaunchStoryboardName = LaunchScreen;
				IPHONEOS_DEPLOYMENT_TARGET = 18.0;
				LD_RUNPATH_SEARCH_PATHS = (
					"$(inherited)",
					"@executable_path/Frameworks",
				);
				MARKETING_VERSION = 1.0;
				PRODUCT_BUNDLE_IDENTIFIER = time.golden.GoldenHourCompass;
				PRODUCT_NAME = "$(TARGET_NAME)";
				SDKROOT = iphoneos;
				SUPPORTED_PLATFORMS = "iphoneos iphonesimulator";
				SWIFT_EMIT_LOC_STRINGS = YES;
				SWIFT_VERSION = 6.0;
				TARGETED_DEVICE_FAMILY = "1,2";
			};
			name = Release;
		};
		AA0000000000000000000014 /* Debug */ = {
			isa = XCBuildConfiguration;
			buildSettings = {
				ASSETCATALOG_COMPILER_APPICON_NAME = AppIcon;
				CODE_SIGN_ENTITLEMENTS = Apps/GoldenTime/Watch/GoldenTimeWatch.entitlements;
				CODE_SIGN_STYLE = Automatic;
				CURRENT_PROJECT_VERSION = 1;
				DEVELOPMENT_TEAM = "";
				ENABLE_PREVIEWS = YES;
				GENERATE_INFOPLIST_FILE = YES;
				INFOPLIST_KEY_CFBundleDisplayName = "Twilight Compass";
				INFOPLIST_KEY_NSLocationWhenInUseUsageDescription = "用于读取本机经纬度，在手表上用天文公式本地推算蓝调与金调；不访问互联网。";
				INFOPLIST_KEY_UILaunchScreen_Generation = YES;
				INFOPLIST_KEY_WKCompanionAppBundleIdentifier = time.golden.GoldenHourCompass;
				LD_RUNPATH_SEARCH_PATHS = (
					"$(inherited)",
					"@executable_path/Frameworks",
				);
				MARKETING_VERSION = 1.0;
				PRODUCT_BUNDLE_IDENTIFIER = time.golden.GoldenHourCompass.watchkitapp;
				PRODUCT_NAME = GoldenTimeWatch;
				SDKROOT = watchos;
				SKIP_INSTALL = YES;
				SWIFT_EMIT_LOC_STRINGS = YES;
				SWIFT_VERSION = 6.0;
				TARGETED_DEVICE_FAMILY = 4;
				WATCHOS_DEPLOYMENT_TARGET = 11.0;
			};
			name = Debug;
		};
		AA0000000000000000000015 /* Release */ = {
			isa = XCBuildConfiguration;
			buildSettings = {
				ASSETCATALOG_COMPILER_APPICON_NAME = AppIcon;
				CODE_SIGN_ENTITLEMENTS = Apps/GoldenTime/Watch/GoldenTimeWatch.entitlements;
				CODE_SIGN_STYLE = Automatic;
				CURRENT_PROJECT_VERSION = 1;
				DEVELOPMENT_TEAM = "";
				ENABLE_PREVIEWS = YES;
				GENERATE_INFOPLIST_FILE = YES;
				INFOPLIST_KEY_CFBundleDisplayName = "Twilight Compass";
				INFOPLIST_KEY_NSLocationWhenInUseUsageDescription = "用于读取本机经纬度，在手表上用天文公式本地推算蓝调与金调；不访问互联网。";
				INFOPLIST_KEY_UILaunchScreen_Generation = YES;
				INFOPLIST_KEY_WKCompanionAppBundleIdentifier = time.golden.GoldenHourCompass;
				LD_RUNPATH_SEARCH_PATHS = (
					"$(inherited)",
					"@executable_path/Frameworks",
				);
				MARKETING_VERSION = 1.0;
				PRODUCT_BUNDLE_IDENTIFIER = time.golden.GoldenHourCompass.watchkitapp;
				PRODUCT_NAME = GoldenTimeWatch;
				SDKROOT = watchos;
				SKIP_INSTALL = YES;
				SWIFT_EMIT_LOC_STRINGS = YES;
				SWIFT_VERSION = 6.0;
				TARGETED_DEVICE_FAMILY = 4;
				WATCHOS_DEPLOYMENT_TARGET = 11.0;
			};
			name = Release;
		};
		AA0000000000000000000027 /* Debug */ = {
			isa = XCBuildConfiguration;
			buildSettings = {
				CODE_SIGN_ENTITLEMENTS = Apps/GoldenTime/Watch/GoldenTimeWatchWidgetExtension.entitlements;
				CODE_SIGN_STYLE = Automatic;
				CURRENT_PROJECT_VERSION = 1;
				DEVELOPMENT_TEAM = "";
				GENERATE_INFOPLIST_FILE = YES;
				INFOPLIST_FILE = Apps/GoldenTime/Watch/GoldenTimeWatchWidget/GoldenTimeWatchWidgetInfo.plist;
				INFOPLIST_KEY_CFBundleDisplayName = "Twilight Compass";
				LD_RUNPATH_SEARCH_PATHS = (
					"$(inherited)",
					"@executable_path/Frameworks",
					"@executable_path/../../Frameworks",
				);
				MARKETING_VERSION = 1.0;
				PRODUCT_BUNDLE_IDENTIFIER = time.golden.GoldenHourCompass.watchkitapp.widget;
				PRODUCT_NAME = GoldenTimeWatchWidgetExtension;
				SDKROOT = watchos;
				SKIP_INSTALL = YES;
				SUPPORTED_PLATFORMS = "watchsimulator watchos";
				SWIFT_EMIT_LOC_STRINGS = YES;
				SWIFT_VERSION = 6.0;
				TARGETED_DEVICE_FAMILY = 4;
				WATCHOS_DEPLOYMENT_TARGET = 11.0;
			};
			name = Debug;
		};
		AA0000000000000000000028 /* Release */ = {
			isa = XCBuildConfiguration;
			buildSettings = {
				CODE_SIGN_ENTITLEMENTS = Apps/GoldenTime/Watch/GoldenTimeWatchWidgetExtension.entitlements;
				CODE_SIGN_STYLE = Automatic;
				CURRENT_PROJECT_VERSION = 1;
				DEVELOPMENT_TEAM = "";
				GENERATE_INFOPLIST_FILE = YES;
				INFOPLIST_FILE = Apps/GoldenTime/Watch/GoldenTimeWatchWidget/GoldenTimeWatchWidgetInfo.plist;
				INFOPLIST_KEY_CFBundleDisplayName = "Twilight Compass";
				LD_RUNPATH_SEARCH_PATHS = (
					"$(inherited)",
					"@executable_path/Frameworks",
					"@executable_path/../../Frameworks",
				);
				MARKETING_VERSION = 1.0;
				PRODUCT_BUNDLE_IDENTIFIER = time.golden.GoldenHourCompass.watchkitapp.widget;
				PRODUCT_NAME = GoldenTimeWatchWidgetExtension;
				SDKROOT = watchos;
				SKIP_INSTALL = YES;
				SUPPORTED_PLATFORMS = "watchsimulator watchos";
				SWIFT_EMIT_LOC_STRINGS = YES;
				SWIFT_VERSION = 6.0;
				TARGETED_DEVICE_FAMILY = 4;
				WATCHOS_DEPLOYMENT_TARGET = 11.0;
			};
			name = Release;
		};
		AA0000000000000000000036 /* Debug */ = {
			isa = XCBuildConfiguration;
			buildSettings = {
				CODE_SIGN_STYLE = Automatic;
				CURRENT_PROJECT_VERSION = 1;
				DEVELOPMENT_TEAM = "";
				GENERATE_INFOPLIST_FILE = YES;
				MARKETING_VERSION = 1.0;
				PRODUCT_BUNDLE_IDENTIFIER = time.golden.GoldenHourCompass.watchkitapp.uitests;
				PRODUCT_NAME = "$(TARGET_NAME)";
				SDKROOT = watchos;
				SUPPORTED_PLATFORMS = "watchsimulator watchos";
				SWIFT_EMIT_LOC_STRINGS = NO;
				SWIFT_VERSION = 6.0;
				TARGETED_DEVICE_FAMILY = 4;
				TEST_TARGET_NAME = GoldenTimeWatch;
				WATCHOS_DEPLOYMENT_TARGET = 11.0;
			};
			name = Debug;
		};
		AA0000000000000000000037 /* Release */ = {
			isa = XCBuildConfiguration;
			buildSettings = {
				CODE_SIGN_STYLE = Automatic;
				CURRENT_PROJECT_VERSION = 1;
				DEVELOPMENT_TEAM = "";
				GENERATE_INFOPLIST_FILE = YES;
				MARKETING_VERSION = 1.0;
				PRODUCT_BUNDLE_IDENTIFIER = time.golden.GoldenHourCompass.watchkitapp.uitests;
				PRODUCT_NAME = "$(TARGET_NAME)";
				SDKROOT = watchos;
				SUPPORTED_PLATFORMS = "watchsimulator watchos";
				SWIFT_EMIT_LOC_STRINGS = NO;
				SWIFT_VERSION = 6.0;
				TARGETED_DEVICE_FAMILY = 4;
				TEST_TARGET_NAME = GoldenTimeWatch;
				WATCHOS_DEPLOYMENT_TARGET = 11.0;
			};
			name = Release;
		};
		AA0000000000000000000053 /* Debug */ = {
			isa = XCBuildConfiguration;
			buildSettings = {
				CODE_SIGN_ENTITLEMENTS = Apps/GoldenTime/iOS/GoldenTimeIOSWidget/GoldenTimeIOSWidgetExtension.entitlements;
				CODE_SIGN_STYLE = Automatic;
				CURRENT_PROJECT_VERSION = 1;
				DEVELOPMENT_TEAM = "";
				GENERATE_INFOPLIST_FILE = YES;
				INFOPLIST_FILE = Apps/GoldenTime/iOS/GoldenTimeIOSWidget/GoldenTimeIOSWidgetInfo.plist;
				INFOPLIST_KEY_CFBundleDisplayName = "Twilight Compass";
				IPHONEOS_DEPLOYMENT_TARGET = 18.0;
				LD_RUNPATH_SEARCH_PATHS = (
					"$(inherited)",
					"@executable_path/Frameworks",
					"@executable_path/../../Frameworks",
				);
				MARKETING_VERSION = 1.0;
				PRODUCT_BUNDLE_IDENTIFIER = time.golden.GoldenHourCompass.widget;
				PRODUCT_NAME = GoldenTimeWidgetExtension;
				SDKROOT = iphoneos;
				SKIP_INSTALL = YES;
				SUPPORTED_PLATFORMS = "iphoneos iphonesimulator";
				SWIFT_EMIT_LOC_STRINGS = YES;
				SWIFT_VERSION = 6.0;
				TARGETED_DEVICE_FAMILY = "1,2";
			};
			name = Debug;
		};
		AA0000000000000000000054 /* Release */ = {
			isa = XCBuildConfiguration;
			buildSettings = {
				CODE_SIGN_ENTITLEMENTS = Apps/GoldenTime/iOS/GoldenTimeIOSWidget/GoldenTimeIOSWidgetExtension.entitlements;
				CODE_SIGN_STYLE = Automatic;
				CURRENT_PROJECT_VERSION = 1;
				DEVELOPMENT_TEAM = "";
				GENERATE_INFOPLIST_FILE = YES;
				INFOPLIST_FILE = Apps/GoldenTime/iOS/GoldenTimeIOSWidget/GoldenTimeIOSWidgetInfo.plist;
				INFOPLIST_KEY_CFBundleDisplayName = "Twilight Compass";
				IPHONEOS_DEPLOYMENT_TARGET = 18.0;
				LD_RUNPATH_SEARCH_PATHS = (
					"$(inherited)",
					"@executable_path/Frameworks",
					"@executable_path/../../Frameworks",
				);
				MARKETING_VERSION = 1.0;
				PRODUCT_BUNDLE_IDENTIFIER = time.golden.GoldenHourCompass.widget;
				PRODUCT_NAME = GoldenTimeWidgetExtension;
				SDKROOT = iphoneos;
				SKIP_INSTALL = YES;
				SUPPORTED_PLATFORMS = "iphoneos iphonesimulator";
				SWIFT_EMIT_LOC_STRINGS = YES;
				SWIFT_VERSION = 6.0;
				TARGETED_DEVICE_FAMILY = "1,2";
			};
			name = Release;
		};
		AA0000000000000000000016 /* Debug */ = {
			isa = XCBuildConfiguration;
			buildSettings = {
				ALWAYS_SEARCH_USER_PATHS = NO;
				ASSETCATALOG_COMPILER_GENERATE_SWIFT_ASSET_SYMBOL_EXTENSIONS = YES;
				CLANG_ANALYZER_NONNULL = YES;
				CLANG_ENABLE_MODULES = YES;
				CLANG_ENABLE_OBJC_ARC = YES;
				COPY_PHASE_STRIP = NO;
				DEBUG_INFORMATION_FORMAT = dwarf;
				ENABLE_STRICT_OBJC_MSGSEND = YES;
				ENABLE_TESTABILITY = YES;
				GCC_DYNAMIC_NO_PIC = NO;
				GCC_OPTIMIZATION_LEVEL = 0;
				GCC_PREPROCESSOR_DEFINITIONS = (
					"DEBUG=1",
					"$(inherited)",
				);
				MTL_ENABLE_DEBUG_INFO = INCLUDE_SOURCE;
				ONLY_ACTIVE_ARCH = YES;
				SWIFT_ACTIVE_COMPILATION_CONDITIONS = "DEBUG $(inherited)";
				SWIFT_OPTIMIZATION_LEVEL = "-Onone";
			};
			name = Debug;
		};
		AA0000000000000000000017 /* Release */ = {
			isa = XCBuildConfiguration;
			buildSettings = {
				ALWAYS_SEARCH_USER_PATHS = NO;
				ASSETCATALOG_COMPILER_GENERATE_SWIFT_ASSET_SYMBOL_EXTENSIONS = YES;
				CLANG_ANALYZER_NONNULL = YES;
				CLANG_ENABLE_MODULES = YES;
				CLANG_ENABLE_OBJC_ARC = YES;
				COPY_PHASE_STRIP = NO;
				DEBUG_INFORMATION_FORMAT = "dwarf-with-dsym";
				ENABLE_NS_ASSERTIONS = NO;
				ENABLE_STRICT_OBJC_MSGSEND = YES;
				MTL_ENABLE_DEBUG_INFO = NO;
				SWIFT_COMPILATION_MODE = wholemodule;
			};
			name = Release;
		};
/* End XCBuildConfiguration section */

/* Begin XCConfigurationList section */
		AA000000000000000000000F /* Build configuration list for PBXProject "GoldenTime" */ = {
			isa = XCConfigurationList;
			buildConfigurations = (
				AA0000000000000000000016 /* Debug */,
				AA0000000000000000000017 /* Release */,
			);
			defaultConfigurationIsVisible = 0;
			defaultConfigurationName = Release;
		};
		AA0000000000000000000010 /* Build configuration list for PBXNativeTarget "GoldenTime" */ = {
			isa = XCConfigurationList;
			buildConfigurations = (
				AA0000000000000000000012 /* Debug */,
				AA0000000000000000000013 /* Release */,
			);
			defaultConfigurationIsVisible = 0;
			defaultConfigurationName = Release;
		};
		AA0000000000000000000011 /* Build configuration list for PBXNativeTarget "GoldenTime Watch App" */ = {
			isa = XCConfigurationList;
			buildConfigurations = (
				AA0000000000000000000014 /* Debug */,
				AA0000000000000000000015 /* Release */,
			);
			defaultConfigurationIsVisible = 0;
			defaultConfigurationName = Release;
		};
		AA0000000000000000000026 /* Build configuration list for PBXNativeTarget "GoldenTime Watch Widget Extension" */ = {
			isa = XCConfigurationList;
			buildConfigurations = (
				AA0000000000000000000027 /* Debug */,
				AA0000000000000000000028 /* Release */,
			);
			defaultConfigurationIsVisible = 0;
			defaultConfigurationName = Release;
		};
		AA0000000000000000000038 /* Build configuration list for PBXNativeTarget "GoldenTimeWatchUITests" */ = {
			isa = XCConfigurationList;
			buildConfigurations = (
				AA0000000000000000000036 /* Debug */,
				AA0000000000000000000037 /* Release */,
			);
			defaultConfigurationIsVisible = 0;
			defaultConfigurationName = Release;
		};
		AA0000000000000000000052 /* Build configuration list for PBXNativeTarget "GoldenTime iOS Widget Extension" */ = {
			isa = XCConfigurationList;
			buildConfigurations = (
				AA0000000000000000000053 /* Debug */,
				AA0000000000000000000054 /* Release */,
			);
			defaultConfigurationIsVisible = 0;
			defaultConfigurationName = Release;
		};
/* End XCConfigurationList section */

/* Begin XCLocalSwiftPackageReference section */
		AE0000000000000000000001 /* XCLocalSwiftPackageReference "GoldenTimeApple" */ = {
			isa = XCLocalSwiftPackageReference;
			relativePath = .;
		};
/* End XCLocalSwiftPackageReference section */

/* Begin XCSwiftPackageProductDependency section */
		AE0000000000000000000002 /* GoldenTimeCore */ = {
			isa = XCSwiftPackageProductDependency;
			package = AE0000000000000000000001 /* XCLocalSwiftPackageReference "GoldenTimeApple" */;
			productName = GoldenTimeCore;
		};
/* End XCSwiftPackageProductDependency section */
	};
	rootObject = AA0000000000000000000001 /* Project object */;
}
